
Microsoft Visual Studio Solution File, Format Version 12.00
# Visual Studio 2013
VisualStudioVersion = 12.0.31101.0
MinimumVisualStudioVersion = 10.0.40219.1
Project("{FAE04EC0-301F-11D3-BF4B-00C04F79EFBC}") = "sample", "sample\sample.csproj", "{50C4C62F-D96A-4A1B-8236-341E772E4961}"
EndProject
Project("{FAE04EC0-301F-11D3-BF4B-00C04F79EFBC}") = "usage", "usage\usage.csproj", "{BD87DFB6-6062-4C3F-A8F4-E96A17B40C36}"
EndProject
Project("{FAE04EC0-301F-11D3-BF4B-00C04F79EFBC}") = "acceptance", "acceptance\acceptance.csproj", "{295CE896-6CAF-428C-B8AC-56A2BD7CC5D5}"
EndProject
Project("{2150E333-8FDC-42A3-9474-1A3956D46DE8}") = "main", "main", "{09715BAA-DE42-491C-A37C-20E1AB546371}"
	ProjectSection(SolutionItems) = preProject
		src\UnicastBus.cs = src\UnicastBus.cs
		src\UnicastBusWorkerRoleEntrypoint.cs = src\UnicastBusWorkerRoleEntrypoint.cs
	EndProjectSection
EndProject
Project("{FAE04EC0-301F-11D3-BF4B-00C04F79EFBC}") = "host.onpremise", "host.onpemise\host.onpremise.csproj", "{3A28844C-4406-421B-BF34-88C3C0D07A42}"
EndProject
Project("{FAE04EC0-301F-11D3-BF4B-00C04F79EFBC}") = "host.workerole.multiendpoints", "host.workerole\host.workerole.multiendpoints.csproj", "{5A18F9F1-5880-44F3-BAA1-A37318C8D8E5}"
EndProject
Project("{BB40F520-413E-3EBA-ABD4-2177801094F0}") = "host.inazure", "host.inazure\host.inazure\host.inazure.ccproj", "{B171E039-47C3-434C-8B36-AB0E6979FBF5}"
EndProject
Project("{2150E333-8FDC-42A3-9474-1A3956D46DE8}") = ".nuget", ".nuget", "{1195576A-4E32-4E3F-9FEF-D7590029FFFF}"
	ProjectSection(SolutionItems) = preProject
		.nuget\packages.config = .nuget\packages.config
	EndProjectSection
EndProject
Global
	GlobalSection(SolutionConfigurationPlatforms) = preSolution
		Debug|Any CPU = Debug|Any CPU
		Release|Any CPU = Release|Any CPU
	EndGlobalSection
	GlobalSection(ProjectConfigurationPlatforms) = postSolution
		{50C4C62F-D96A-4A1B-8236-341E772E4961}.Debug|Any CPU.ActiveCfg = Debug|Any CPU
		{50C4C62F-D96A-4A1B-8236-341E772E4961}.Debug|Any CPU.Build.0 = Debug|Any CPU
		{50C4C62F-D96A-4A1B-8236-341E772E4961}.Release|Any CPU.ActiveCfg = Release|Any CPU
		{50C4C62F-D96A-4A1B-8236-341E772E4961}.Release|Any CPU.Build.0 = Release|Any CPU
		{BD87DFB6-6062-4C3F-A8F4-E96A17B40C36}.Debug|Any CPU.ActiveCfg = Debug|Any CPU
		{BD87DFB6-6062-4C3F-A8F4-E96A17B40C36}.Debug|Any CPU.Build.0 = Debug|Any CPU
		{BD87DFB6-6062-4C3F-A8F4-E96A17B40C36}.Release|Any CPU.ActiveCfg = Release|Any CPU
		{BD87DFB6-6062-4C3F-A8F4-E96A17B40C36}.Release|Any CPU.Build.0 = Release|Any CPU
		{295CE896-6CAF-428C-B8AC-56A2BD7CC5D5}.Debug|Any CPU.ActiveCfg = Debug|Any CPU
		{295CE896-6CAF-428C-B8AC-56A2BD7CC5D5}.Debug|Any CPU.Build.0 = Debug|Any CPU
		{295CE896-6CAF-428C-B8AC-56A2BD7CC5D5}.Release|Any CPU.ActiveCfg = Release|Any CPU
		{295CE896-6CAF-428C-B8AC-56A2BD7CC5D5}.Release|Any CPU.Build.0 = Release|Any CPU
		{3A28844C-4406-421B-BF34-88C3C0D07A42}.Debug|Any CPU.ActiveCfg = Debug|Any CPU
		{3A28844C-4406-421B-BF34-88C3C0D07A42}.Debug|Any CPU.Build.0 = Debug|Any CPU
		{3A28844C-4406-421B-BF34-88C3C0D07A42}.Release|Any CPU.ActiveCfg = Release|Any CPU
		{3A28844C-4406-421B-BF34-88C3C0D07A42}.Release|Any CPU.Build.0 = Release|Any CPU
		{5A18F9F1-5880-44F3-BAA1-A37318C8D8E5}.Debug|Any CPU.ActiveCfg = Debug|Any CPU
		{5A18F9F1-5880-44F3-BAA1-A37318C8D8E5}.Debug|Any CPU.Build.0 = Debug|Any CPU
		{5A18F9F1-5880-44F3-BAA1-A37318C8D8E5}.Release|Any CPU.ActiveCfg = Release|Any CPU
		{5A18F9F1-5880-44F3-BAA1-A37318C8D8E5}.Release|Any CPU.Build.0 = Release|Any CPU
		{B171E039-47C3-434C-8B36-AB0E6979FBF5}.Debug|Any CPU.ActiveCfg = Debug|Any CPU
		{B171E039-47C3-434C-8B36-AB0E6979FBF5}.Debug|Any CPU.Build.0 = Debug|Any CPU
		{B171E039-47C3-434C-8B36-AB0E6979FBF5}.Release|Any CPU.ActiveCfg = Release|Any CPU
		{B171E039-47C3-434C-8B36-AB0E6979FBF5}.Release|Any CPU.Build.0 = Release|Any CPU
	EndGlobalSection
	GlobalSection(SolutionProperties) = preSolution
		HideSolutionNode = FALSE
	EndGlobalSection
EndGlobal
